
Microsoft Visual Studio Solution File, Format Version 12.00
# Visual Studio Version 16
VisualStudioVersion = 16.0.30804.86
MinimumVisualStudioVersion = 10.0.40219.1
Project("{FAE04EC0-301F-11D3-BF4B-00C04F79EFBC}") = "Colegio", "Colegio\Colegio.csproj", "{407E2C1F-4FF1-4745-89EA-BF5D740813E5}"
EndProject
Project("{2150E333-8FDC-42A3-9474-1A3956D46DE8}") = "API", "API", "{DB17910F-1D25-4EBC-8A38-A105105034F1}"
EndProject
Project("{2150E333-8FDC-42A3-9474-1A3956D46DE8}") = "Sitio", "Sitio", "{30317721-D090-470A-ACD0-2DA60551A6D0}"
EndProject
Project("{E24C65DC-7377-472B-9ABA-BC803B73C61A}") = "web", "..\..\..\web\", "{B1A2D34C-80A7-4FFA-B93E-87E96857257D}"
	ProjectSection(WebsiteProperties) = preProject
		TargetFrameworkMoniker = ".NETFramework,Version%3Dv4.0"
		Debug.AspNetCompiler.VirtualPath = "/localhost_63954"
		Debug.AspNetCompiler.PhysicalPath = "..\..\..\web\"
		Debug.AspNetCompiler.TargetPath = "PrecompiledWeb\localhost_63954\"
		Debug.AspNetCompiler.Updateable = "true"
		Debug.AspNetCompiler.ForceOverwrite = "true"
		Debug.AspNetCompiler.FixedNames = "false"
		Debug.AspNetCompiler.Debug = "True"
		Release.AspNetCompiler.VirtualPath = "/localhost_63954"
		Release.AspNetCompiler.PhysicalPath = "..\..\..\web\"
		Release.AspNetCompiler.TargetPath = "PrecompiledWeb\localhost_63954\"
		Release.AspNetCompiler.Updateable = "true"
		Release.AspNetCompiler.ForceOverwrite = "true"
		Release.AspNetCompiler.FixedNames = "false"
		Release.AspNetCompiler.Debug = "False"
		VWDPort = "63954"
		SlnRelativePath = "..\..\..\web\"
	EndProjectSection
EndProject
Project("{2150E333-8FDC-42A3-9474-1A3956D46DE8}") = "Librerias", "Librerias", "{173BBF70-E026-461F-9993-A926E381F775}"
EndProject
Project("{2150E333-8FDC-42A3-9474-1A3956D46DE8}") = "Persistencia", "Persistencia", "{73A9017C-9897-49C9-9107-5164D383D906}"
EndProject
Project("{2150E333-8FDC-42A3-9474-1A3956D46DE8}") = "Autenticacion", "Autenticacion", "{67E95995-ABE4-4E54-B53A-B28203F7F36E}"
EndProject
Project("{FAE04EC0-301F-11D3-BF4B-00C04F79EFBC}") = "BaseDatos", "..\..\Librerias\Persistencia\BaseDatos\BaseDatos.csproj", "{CECED400-2FAA-4086-B5BF-57F55A3941B5}"
EndProject
Project("{2150E333-8FDC-42A3-9474-1A3956D46DE8}") = "Menu", "Menu", "{6B0AD2B6-D59B-4EC9-B1A7-564B676C4281}"
EndProject
Project("{FAE04EC0-301F-11D3-BF4B-00C04F79EFBC}") = "Menu", "..\..\Librerias\Menu\Menu\Menu.csproj", "{5E3259F7-7CDF-4F27-99E1-E2E07C9551BE}"
EndProject
Project("{2150E333-8FDC-42A3-9474-1A3956D46DE8}") = "Trasversales", "Trasversales", "{F8F3EEE6-7E95-4E15-A3AD-C9BD48D54B0E}"
EndProject
Project("{FAE04EC0-301F-11D3-BF4B-00C04F79EFBC}") = "Trasversales", "..\..\Librerias\Trasversales\Trasversales\Trasversales.csproj", "{7DD3AD82-D326-43DD-BB52-BD504BF84390}"
EndProject
Project("{2150E333-8FDC-42A3-9474-1A3956D46DE8}") = "Temporada", "Temporada", "{18921BD4-51E2-4850-9ACF-537FBFE4E2EF}"
EndProject
Project("{FAE04EC0-301F-11D3-BF4B-00C04F79EFBC}") = "Temporada", "..\..\Librerias\Temporada\Temporada\Temporada.csproj", "{4C6ECE41-62E2-4826-92E6-09ECA30A017E}"
EndProject
Project("{2150E333-8FDC-42A3-9474-1A3956D46DE8}") = "Grados", "Grados", "{72C6E902-632B-4133-A00E-CF8DAF12B00D}"
EndProject
Project("{FAE04EC0-301F-11D3-BF4B-00C04F79EFBC}") = "Grados", "..\..\Librerias\Grados\Grados\Grados.csproj", "{1712087D-919C-47BE-B2F0-EE8EDD59B4BA}"
EndProject
Project("{2150E333-8FDC-42A3-9474-1A3956D46DE8}") = "Salones", "Salones", "{BA277235-39A3-4E36-8D67-F4AA609450DA}"
EndProject
Project("{FAE04EC0-301F-11D3-BF4B-00C04F79EFBC}") = "Salones", "..\..\Librerias\Salones\Salones\Salones.csproj", "{1A364A8A-C6D0-4CCA-AC74-DCEAA74FC780}"
EndProject
Project("{2150E333-8FDC-42A3-9474-1A3956D46DE8}") = "Cursos", "Cursos", "{98D4EE6C-A5E6-430D-AFEE-9B060C0FCEA5}"
EndProject
Project("{FAE04EC0-301F-11D3-BF4B-00C04F79EFBC}") = "Cursos", "..\..\Librerias\Cursos\Cursos\Cursos.csproj", "{3EA699E0-B325-43F1-B8B5-15F9643D1351}"
EndProject
Project("{2150E333-8FDC-42A3-9474-1A3956D46DE8}") = "Personas", "Personas", "{3428FF20-C872-4DF1-8F0D-2A07AB6E3AA3}"
EndProject
Project("{FAE04EC0-301F-11D3-BF4B-00C04F79EFBC}") = "Persona", "..\..\Librerias\Personas\Personas\Persona.csproj", "{7F3E5430-DF58-4E96-9F8A-F071A59D1AF3}"
EndProject
Project("{2150E333-8FDC-42A3-9474-1A3956D46DE8}") = "Materias", "Materias", "{FC229FF7-1909-4E88-B5D5-73BAC6303331}"
EndProject
Project("{FAE04EC0-301F-11D3-BF4B-00C04F79EFBC}") = "Materia", "..\..\Librerias\Materias\Materia\Materia.csproj", "{2F87C02C-05D5-46A8-8E24-7E21CAC8470E}"
EndProject
Project("{2150E333-8FDC-42A3-9474-1A3956D46DE8}") = "Clases", "Clases", "{4A33B01C-B2ED-4804-919B-7F68DEB0E226}"
EndProject
Project("{FAE04EC0-301F-11D3-BF4B-00C04F79EFBC}") = "Clases", "..\..\Librerias\Clases\Clases\Clases.csproj", "{99BBF8B6-33F3-4C13-9F11-B8D6342C007A}"
EndProject
Project("{2150E333-8FDC-42A3-9474-1A3956D46DE8}") = "Mensajes", "Mensajes", "{98F827B2-C399-441C-A179-06F9E2415A7D}"
EndProject
Project("{FAE04EC0-301F-11D3-BF4B-00C04F79EFBC}") = "Mensaje", "..\..\Librerias\Mensajes\Mensaje\Mensaje.csproj", "{C8590C7D-66EA-46BB-A7F8-75724EF81B26}"
EndProject
Project("{2150E333-8FDC-42A3-9474-1A3956D46DE8}") = "Utilidades", "Utilidades", "{5E50679B-EBED-40AD-9E06-99B32FC5E302}"
EndProject
Project("{FAE04EC0-301F-11D3-BF4B-00C04F79EFBC}") = "Utilidades", "..\..\Librerias\Utilidades\Utilidades\Utilidades.csproj", "{DD385C09-EF67-4BCB-A95B-C600571E6D84}"
EndProject
Project("{FAE04EC0-301F-11D3-BF4B-00C04F79EFBC}") = "Autenticacion", "Autenticacion\Autenticacion.csproj", "{9168D962-6581-4CFF-8418-98ECE0718227}"
EndProject
Project("{2150E333-8FDC-42A3-9474-1A3956D46DE8}") = "Adjuntos", "Adjuntos", "{54542EF0-7F7C-47FC-8EFC-836918370873}"
EndProject
Project("{FAE04EC0-301F-11D3-BF4B-00C04F79EFBC}") = "Adjuntos", "..\..\Librerias\Adjuntos\Adjuntos\Adjuntos.csproj", "{052C28DF-3BDB-4378-B7FE-932FCFD3E864}"
EndProject
Project("{2150E333-8FDC-42A3-9474-1A3956D46DE8}") = "Empresa", "Empresa", "{59A3D6A1-E784-4C57-BAD4-0540F23DE4C8}"
EndProject
Project("{FAE04EC0-301F-11D3-BF4B-00C04F79EFBC}") = "Empresa", "..\..\Librerias\Empresa\Empresa\Empresa.csproj", "{081CF1BC-F228-4064-80D1-B53F47DB9DA9}"
EndProject
Project("{2150E333-8FDC-42A3-9474-1A3956D46DE8}") = "Grupos", "Grupos", "{4B8B44B6-E803-4363-819E-D57520FD160A}"
EndProject
Project("{FAE04EC0-301F-11D3-BF4B-00C04F79EFBC}") = "GruposGarden", "..\..\Librerias\Grupos\Grupos\GruposGarden.csproj", "{2E60D410-9AD5-4C02-96F3-AB4AF4413C76}"
EndProject
Global
	GlobalSection(SolutionConfigurationPlatforms) = preSolution
		Debug|Any CPU = Debug|Any CPU
		Release|Any CPU = Release|Any CPU
	EndGlobalSection
	GlobalSection(ProjectConfigurationPlatforms) = postSolution
		{407E2C1F-4FF1-4745-89EA-BF5D740813E5}.Debug|Any CPU.ActiveCfg = Debug|Any CPU
		{407E2C1F-4FF1-4745-89EA-BF5D740813E5}.Debug|Any CPU.Build.0 = Debug|Any CPU
		{407E2C1F-4FF1-4745-89EA-BF5D740813E5}.Release|Any CPU.ActiveCfg = Release|Any CPU
		{407E2C1F-4FF1-4745-89EA-BF5D740813E5}.Release|Any CPU.Build.0 = Release|Any CPU
		{B1A2D34C-80A7-4FFA-B93E-87E96857257D}.Debug|Any CPU.ActiveCfg = Debug|Any CPU
		{B1A2D34C-80A7-4FFA-B93E-87E96857257D}.Debug|Any CPU.Build.0 = Debug|Any CPU
		{B1A2D34C-80A7-4FFA-B93E-87E96857257D}.Release|Any CPU.ActiveCfg = Debug|Any CPU
		{B1A2D34C-80A7-4FFA-B93E-87E96857257D}.Release|Any CPU.Build.0 = Debug|Any CPU
		{CECED400-2FAA-4086-B5BF-57F55A3941B5}.Debug|Any CPU.ActiveCfg = Debug|Any CPU
		{CECED400-2FAA-4086-B5BF-57F55A3941B5}.Debug|Any CPU.Build.0 = Debug|Any CPU
		{CECED400-2FAA-4086-B5BF-57F55A3941B5}.Release|Any CPU.ActiveCfg = Release|Any CPU
		{CECED400-2FAA-4086-B5BF-57F55A3941B5}.Release|Any CPU.Build.0 = Release|Any CPU
		{5E3259F7-7CDF-4F27-99E1-E2E07C9551BE}.Debug|Any CPU.ActiveCfg = Debug|Any CPU
		{5E3259F7-7CDF-4F27-99E1-E2E07C9551BE}.Debug|Any CPU.Build.0 = Debug|Any CPU
		{5E3259F7-7CDF-4F27-99E1-E2E07C9551BE}.Release|Any CPU.ActiveCfg = Release|Any CPU
		{5E3259F7-7CDF-4F27-99E1-E2E07C9551BE}.Release|Any CPU.Build.0 = Release|Any CPU
		{7DD3AD82-D326-43DD-BB52-BD504BF84390}.Debug|Any CPU.ActiveCfg = Debug|Any CPU
		{7DD3AD82-D326-43DD-BB52-BD504BF84390}.Debug|Any CPU.Build.0 = Debug|Any CPU
		{7DD3AD82-D326-43DD-BB52-BD504BF84390}.Release|Any CPU.ActiveCfg = Release|Any CPU
		{7DD3AD82-D326-43DD-BB52-BD504BF84390}.Release|Any CPU.Build.0 = Release|Any CPU
		{4C6ECE41-62E2-4826-92E6-09ECA30A017E}.Debug|Any CPU.ActiveCfg = Debug|Any CPU
		{4C6ECE41-62E2-4826-92E6-09ECA30A017E}.Debug|Any CPU.Build.0 = Debug|Any CPU
		{4C6ECE41-62E2-4826-92E6-09ECA30A017E}.Release|Any CPU.ActiveCfg = Release|Any CPU
		{4C6ECE41-62E2-4826-92E6-09ECA30A017E}.Release|Any CPU.Build.0 = Release|Any CPU
		{1712087D-919C-47BE-B2F0-EE8EDD59B4BA}.Debug|Any CPU.ActiveCfg = Debug|Any CPU
		{1712087D-919C-47BE-B2F0-EE8EDD59B4BA}.Debug|Any CPU.Build.0 = Debug|Any CPU
		{1712087D-919C-47BE-B2F0-EE8EDD59B4BA}.Release|Any CPU.ActiveCfg = Release|Any CPU
		{1712087D-919C-47BE-B2F0-EE8EDD59B4BA}.Release|Any CPU.Build.0 = Release|Any CPU
		{1A364A8A-C6D0-4CCA-AC74-DCEAA74FC780}.Debug|Any CPU.ActiveCfg = Debug|Any CPU
		{1A364A8A-C6D0-4CCA-AC74-DCEAA74FC780}.Debug|Any CPU.Build.0 = Debug|Any CPU
		{1A364A8A-C6D0-4CCA-AC74-DCEAA74FC780}.Release|Any CPU.ActiveCfg = Release|Any CPU
		{1A364A8A-C6D0-4CCA-AC74-DCEAA74FC780}.Release|Any CPU.Build.0 = Release|Any CPU
		{3EA699E0-B325-43F1-B8B5-15F9643D1351}.Debug|Any CPU.ActiveCfg = Debug|Any CPU
		{3EA699E0-B325-43F1-B8B5-15F9643D1351}.Debug|Any CPU.Build.0 = Debug|Any CPU
		{3EA699E0-B325-43F1-B8B5-15F9643D1351}.Release|Any CPU.ActiveCfg = Release|Any CPU
		{3EA699E0-B325-43F1-B8B5-15F9643D1351}.Release|Any CPU.Build.0 = Release|Any CPU
		{7F3E5430-DF58-4E96-9F8A-F071A59D1AF3}.Debug|Any CPU.ActiveCfg = Debug|Any CPU
		{7F3E5430-DF58-4E96-9F8A-F071A59D1AF3}.Debug|Any CPU.Build.0 = Debug|Any CPU
		{7F3E5430-DF58-4E96-9F8A-F071A59D1AF3}.Release|Any CPU.ActiveCfg = Release|Any CPU
		{7F3E5430-DF58-4E96-9F8A-F071A59D1AF3}.Release|Any CPU.Build.0 = Release|Any CPU
		{2F87C02C-05D5-46A8-8E24-7E21CAC8470E}.Debug|Any CPU.ActiveCfg = Debug|Any CPU
		{2F87C02C-05D5-46A8-8E24-7E21CAC8470E}.Debug|Any CPU.Build.0 = Debug|Any CPU
		{2F87C02C-05D5-46A8-8E24-7E21CAC8470E}.Release|Any CPU.ActiveCfg = Release|Any CPU
		{2F87C02C-05D5-46A8-8E24-7E21CAC8470E}.Release|Any CPU.Build.0 = Release|Any CPU
		{99BBF8B6-33F3-4C13-9F11-B8D6342C007A}.Debug|Any CPU.ActiveCfg = Debug|Any CPU
		{99BBF8B6-33F3-4C13-9F11-B8D6342C007A}.Debug|Any CPU.Build.0 = Debug|Any CPU
		{99BBF8B6-33F3-4C13-9F11-B8D6342C007A}.Release|Any CPU.ActiveCfg = Release|Any CPU
		{99BBF8B6-33F3-4C13-9F11-B8D6342C007A}.Release|Any CPU.Build.0 = Release|Any CPU
		{C8590C7D-66EA-46BB-A7F8-75724EF81B26}.Debug|Any CPU.ActiveCfg = Debug|Any CPU
		{C8590C7D-66EA-46BB-A7F8-75724EF81B26}.Debug|Any CPU.Build.0 = Debug|Any CPU
		{C8590C7D-66EA-46BB-A7F8-75724EF81B26}.Release|Any CPU.ActiveCfg = Release|Any CPU
		{C8590C7D-66EA-46BB-A7F8-75724EF81B26}.Release|Any CPU.Build.0 = Release|Any CPU
		{DD385C09-EF67-4BCB-A95B-C600571E6D84}.Debug|Any CPU.ActiveCfg = Debug|Any CPU
		{DD385C09-EF67-4BCB-A95B-C600571E6D84}.Debug|Any CPU.Build.0 = Debug|Any CPU
		{DD385C09-EF67-4BCB-A95B-C600571E6D84}.Release|Any CPU.ActiveCfg = Release|Any CPU
		{DD385C09-EF67-4BCB-A95B-C600571E6D84}.Release|Any CPU.Build.0 = Release|Any CPU
		{9168D962-6581-4CFF-8418-98ECE0718227}.Debug|Any CPU.ActiveCfg = Debug|Any CPU
		{9168D962-6581-4CFF-8418-98ECE0718227}.Debug|Any CPU.Build.0 = Debug|Any CPU
		{9168D962-6581-4CFF-8418-98ECE0718227}.Release|Any CPU.ActiveCfg = Release|Any CPU
		{9168D962-6581-4CFF-8418-98ECE0718227}.Release|Any CPU.Build.0 = Release|Any CPU
		{052C28DF-3BDB-4378-B7FE-932FCFD3E864}.Debug|Any CPU.ActiveCfg = Debug|Any CPU
		{052C28DF-3BDB-4378-B7FE-932FCFD3E864}.Debug|Any CPU.Build.0 = Debug|Any CPU
		{052C28DF-3BDB-4378-B7FE-932FCFD3E864}.Release|Any CPU.ActiveCfg = Release|Any CPU
		{052C28DF-3BDB-4378-B7FE-932FCFD3E864}.Release|Any CPU.Build.0 = Release|Any CPU
		{081CF1BC-F228-4064-80D1-B53F47DB9DA9}.Debug|Any CPU.ActiveCfg = Debug|Any CPU
		{081CF1BC-F228-4064-80D1-B53F47DB9DA9}.Debug|Any CPU.Build.0 = Debug|Any CPU
		{081CF1BC-F228-4064-80D1-B53F47DB9DA9}.Release|Any CPU.ActiveCfg = Release|Any CPU
		{081CF1BC-F228-4064-80D1-B53F47DB9DA9}.Release|Any CPU.Build.0 = Release|Any CPU
		{2E60D410-9AD5-4C02-96F3-AB4AF4413C76}.Debug|Any CPU.ActiveCfg = Debug|Any CPU
		{2E60D410-9AD5-4C02-96F3-AB4AF4413C76}.Debug|Any CPU.Build.0 = Debug|Any CPU
		{2E60D410-9AD5-4C02-96F3-AB4AF4413C76}.Release|Any CPU.ActiveCfg = Release|Any CPU
		{2E60D410-9AD5-4C02-96F3-AB4AF4413C76}.Release|Any CPU.Build.0 = Release|Any CPU
	EndGlobalSection
	GlobalSection(SolutionProperties) = preSolution
		HideSolutionNode = FALSE
	EndGlobalSection
	GlobalSection(NestedProjects) = preSolution
		{407E2C1F-4FF1-4745-89EA-BF5D740813E5} = {DB17910F-1D25-4EBC-8A38-A105105034F1}
		{B1A2D34C-80A7-4FFA-B93E-87E96857257D} = {30317721-D090-470A-ACD0-2DA60551A6D0}
		{173BBF70-E026-461F-9993-A926E381F775} = {DB17910F-1D25-4EBC-8A38-A105105034F1}
		{73A9017C-9897-49C9-9107-5164D383D906} = {173BBF70-E026-461F-9993-A926E381F775}
		{67E95995-ABE4-4E54-B53A-B28203F7F36E} = {173BBF70-E026-461F-9993-A926E381F775}
		{CECED400-2FAA-4086-B5BF-57F55A3941B5} = {73A9017C-9897-49C9-9107-5164D383D906}
		{6B0AD2B6-D59B-4EC9-B1A7-564B676C4281} = {173BBF70-E026-461F-9993-A926E381F775}
		{5E3259F7-7CDF-4F27-99E1-E2E07C9551BE} = {6B0AD2B6-D59B-4EC9-B1A7-564B676C4281}
		{F8F3EEE6-7E95-4E15-A3AD-C9BD48D54B0E} = {173BBF70-E026-461F-9993-A926E381F775}
		{7DD3AD82-D326-43DD-BB52-BD504BF84390} = {F8F3EEE6-7E95-4E15-A3AD-C9BD48D54B0E}
		{18921BD4-51E2-4850-9ACF-537FBFE4E2EF} = {173BBF70-E026-461F-9993-A926E381F775}
		{4C6ECE41-62E2-4826-92E6-09ECA30A017E} = {18921BD4-51E2-4850-9ACF-537FBFE4E2EF}
		{72C6E902-632B-4133-A00E-CF8DAF12B00D} = {173BBF70-E026-461F-9993-A926E381F775}
		{1712087D-919C-47BE-B2F0-EE8EDD59B4BA} = {72C6E902-632B-4133-A00E-CF8DAF12B00D}
		{BA277235-39A3-4E36-8D67-F4AA609450DA} = {173BBF70-E026-461F-9993-A926E381F775}
		{1A364A8A-C6D0-4CCA-AC74-DCEAA74FC780} = {BA277235-39A3-4E36-8D67-F4AA609450DA}
		{98D4EE6C-A5E6-430D-AFEE-9B060C0FCEA5} = {173BBF70-E026-461F-9993-A926E381F775}
		{3EA699E0-B325-43F1-B8B5-15F9643D1351} = {98D4EE6C-A5E6-430D-AFEE-9B060C0FCEA5}
		{3428FF20-C872-4DF1-8F0D-2A07AB6E3AA3} = {173BBF70-E026-461F-9993-A926E381F775}
		{7F3E5430-DF58-4E96-9F8A-F071A59D1AF3} = {3428FF20-C872-4DF1-8F0D-2A07AB6E3AA3}
		{FC229FF7-1909-4E88-B5D5-73BAC6303331} = {173BBF70-E026-461F-9993-A926E381F775}
		{2F87C02C-05D5-46A8-8E24-7E21CAC8470E} = {FC229FF7-1909-4E88-B5D5-73BAC6303331}
		{4A33B01C-B2ED-4804-919B-7F68DEB0E226} = {173BBF70-E026-461F-9993-A926E381F775}
		{99BBF8B6-33F3-4C13-9F11-B8D6342C007A} = {4A33B01C-B2ED-4804-919B-7F68DEB0E226}
		{98F827B2-C399-441C-A179-06F9E2415A7D} = {173BBF70-E026-461F-9993-A926E381F775}
		{C8590C7D-66EA-46BB-A7F8-75724EF81B26} = {98F827B2-C399-441C-A179-06F9E2415A7D}
		{5E50679B-EBED-40AD-9E06-99B32FC5E302} = {173BBF70-E026-461F-9993-A926E381F775}
		{DD385C09-EF67-4BCB-A95B-C600571E6D84} = {5E50679B-EBED-40AD-9E06-99B32FC5E302}
		{9168D962-6581-4CFF-8418-98ECE0718227} = {67E95995-ABE4-4E54-B53A-B28203F7F36E}
		{54542EF0-7F7C-47FC-8EFC-836918370873} = {173BBF70-E026-461F-9993-A926E381F775}
		{052C28DF-3BDB-4378-B7FE-932FCFD3E864} = {54542EF0-7F7C-47FC-8EFC-836918370873}
		{59A3D6A1-E784-4C57-BAD4-0540F23DE4C8} = {173BBF70-E026-461F-9993-A926E381F775}
		{081CF1BC-F228-4064-80D1-B53F47DB9DA9} = {59A3D6A1-E784-4C57-BAD4-0540F23DE4C8}
		{4B8B44B6-E803-4363-819E-D57520FD160A} = {173BBF70-E026-461F-9993-A926E381F775}
		{2E60D410-9AD5-4C02-96F3-AB4AF4413C76} = {4B8B44B6-E803-4363-819E-D57520FD160A}
	EndGlobalSection
	GlobalSection(ExtensibilityGlobals) = postSolution
		SolutionGuid = {7E548D9F-83CB-4288-A7F1-CF745BE21F23}
	EndGlobalSection
EndGlobal
